
Microsoft Visual Studio Solution File, Format Version 12.00
# Visual Studio Version 16
VisualStudioVersion = 16.0.31729.503
MinimumVisualStudioVersion = 10.0.40219.1
Project("{888888A0-9F3D-457C-B088-3A5042F75D52}") = "calculadora de intereses", "calculadora de intereses\calculadora de intereses.pyproj", "{1C8E4B30-AC4F-420A-AC94-2A0DBFF5B6DA}"
EndProject
Global
	GlobalSection(SolutionConfigurationPlatforms) = preSolution
		Debug|Any CPU = Debug|Any CPU
		Release|Any CPU = Release|Any CPU
	EndGlobalSection
	GlobalSection(ProjectConfigurationPlatforms) = postSolution
		{1C8E4B30-AC4F-420A-AC94-2A0DBFF5B6DA}.Debug|Any CPU.ActiveCfg = Debug|Any CPU
		{1C8E4B30-AC4F-420A-AC94-2A0DBFF5B6DA}.Release|Any CPU.ActiveCfg = Release|Any CPU
	EndGlobalSection
	GlobalSection(SolutionProperties) = preSolution
		HideSolutionNode = FALSE
	EndGlobalSection
	GlobalSection(ExtensibilityGlobals) = postSolution
		SolutionGuid = {38488FA1-BAC3-4DEF-A4CF-A6E2C0432969}
	EndGlobalSection
EndGlobal
